
Microsoft Visual Studio Solution File, Format Version 12.00
# Visual Studio Version 16
VisualStudioVersion = 16.0.34301.259
MinimumVisualStudioVersion = 10.0.40219.1
Project("{FAE04EC0-301F-11D3-BF4B-00C04F79EFBC}") = "StudentReport", "StudentReport\StudentReport.csproj", "{7CE07AE5-E6CF-4B81-9F9A-6B9558F21319}"
EndProject
Global
	GlobalSection(SolutionConfigurationPlatforms) = preSolution
		Debug|Any CPU = Debug|Any CPU
		Release|Any CPU = Release|Any CPU
	EndGlobalSection
	GlobalSection(ProjectConfigurationPlatforms) = postSolution
		{7CE07AE5-E6CF-4B81-9F9A-6B9558F21319}.Debug|Any CPU.ActiveCfg = Debug|Any CPU
		{7CE07AE5-E6CF-4B81-9F9A-6B9558F21319}.Debug|Any CPU.Build.0 = Debug|Any CPU
		{7CE07AE5-E6CF-4B81-9F9A-6B9558F21319}.Release|Any CPU.ActiveCfg = Release|Any CPU
		{7CE07AE5-E6CF-4B81-9F9A-6B9558F21319}.Release|Any CPU.Build.0 = Release|Any CPU
	EndGlobalSection
	GlobalSection(SolutionProperties) = preSolution
		HideSolutionNode = FALSE
	EndGlobalSection
	GlobalSection(ExtensibilityGlobals) = postSolution
		SolutionGuid = {ACF9A1FD-8F08-4D84-938B-A3AF70477AE9}
	EndGlobalSection
EndGlobal
