
Microsoft Visual Studio Solution File, Format Version 12.00
# Visual Studio Version 17
VisualStudioVersion = 17.10.35027.167
MinimumVisualStudioVersion = 10.0.40219.1
Project("{FAE04EC0-301F-11D3-BF4B-00C04F79EFBC}") = "InputAssignment", "InputAssignment.csproj", "{AF452FF1-DF9D-44F5-A1DB-C1930BE04BCF}"
EndProject
Global
	GlobalSection(SolutionConfigurationPlatforms) = preSolution
		Debug|Any CPU = Debug|Any CPU
		Release|Any CPU = Release|Any CPU
	EndGlobalSection
	GlobalSection(ProjectConfigurationPlatforms) = postSolution
		{AF452FF1-DF9D-44F5-A1DB-C1930BE04BCF}.Debug|Any CPU.ActiveCfg = Debug|Any CPU
		{AF452FF1-DF9D-44F5-A1DB-C1930BE04BCF}.Debug|Any CPU.Build.0 = Debug|Any CPU
		{AF452FF1-DF9D-44F5-A1DB-C1930BE04BCF}.Release|Any CPU.ActiveCfg = Release|Any CPU
		{AF452FF1-DF9D-44F5-A1DB-C1930BE04BCF}.Release|Any CPU.Build.0 = Release|Any CPU
	EndGlobalSection
	GlobalSection(SolutionProperties) = preSolution
		HideSolutionNode = FALSE
	EndGlobalSection
	GlobalSection(ExtensibilityGlobals) = postSolution
		SolutionGuid = {FD879E4E-A349-403D-9978-A872F4693A02}
	EndGlobalSection
EndGlobal
