
Microsoft Visual Studio Solution File, Format Version 12.00
# Visual Studio Version 17
VisualStudioVersion = 17.8.34525.116
MinimumVisualStudioVersion = 10.0.40219.1
Project("{FAE04EC0-301F-11D3-BF4B-00C04F79EFBC}") = "BooleanLogicAssignment", "BooleanLogicAssignment\BooleanLogicAssignment.csproj", "{C61B4136-AADC-4F02-B9D4-539775ADE495}"
EndProject
Global
	GlobalSection(SolutionConfigurationPlatforms) = preSolution
		Debug|Any CPU = Debug|Any CPU
		Release|Any CPU = Release|Any CPU
	EndGlobalSection
	GlobalSection(ProjectConfigurationPlatforms) = postSolution
		{C61B4136-AADC-4F02-B9D4-539775ADE495}.Debug|Any CPU.ActiveCfg = Debug|Any CPU
		{C61B4136-AADC-4F02-B9D4-539775ADE495}.Debug|Any CPU.Build.0 = Debug|Any CPU
		{C61B4136-AADC-4F02-B9D4-539775ADE495}.Release|Any CPU.ActiveCfg = Release|Any CPU
		{C61B4136-AADC-4F02-B9D4-539775ADE495}.Release|Any CPU.Build.0 = Release|Any CPU
	EndGlobalSection
	GlobalSection(SolutionProperties) = preSolution
		HideSolutionNode = FALSE
	EndGlobalSection
	GlobalSection(ExtensibilityGlobals) = postSolution
		SolutionGuid = {65B75396-B5F7-42A2-BF9E-032F21C47D5E}
	EndGlobalSection
EndGlobal
