
Microsoft Visual Studio Solution File, Format Version 12.00
# Visual Studio Version 17
VisualStudioVersion = 17.10.35013.160
MinimumVisualStudioVersion = 10.0.40219.1
Project("{FAE04EC0-301F-11D3-BF4B-00C04F79EFBC}") = "ParsingEnumsAssignment", "ParsingEnumsAssignment.csproj", "{220C86BF-E597-43D0-8E85-1A0CDDAE5C61}"
EndProject
Global
	GlobalSection(SolutionConfigurationPlatforms) = preSolution
		Debug|Any CPU = Debug|Any CPU
		Release|Any CPU = Release|Any CPU
	EndGlobalSection
	GlobalSection(ProjectConfigurationPlatforms) = postSolution
		{220C86BF-E597-43D0-8E85-1A0CDDAE5C61}.Debug|Any CPU.ActiveCfg = Debug|Any CPU
		{220C86BF-E597-43D0-8E85-1A0CDDAE5C61}.Debug|Any CPU.Build.0 = Debug|Any CPU
		{220C86BF-E597-43D0-8E85-1A0CDDAE5C61}.Release|Any CPU.ActiveCfg = Release|Any CPU
		{220C86BF-E597-43D0-8E85-1A0CDDAE5C61}.Release|Any CPU.Build.0 = Release|Any CPU
	EndGlobalSection
	GlobalSection(SolutionProperties) = preSolution
		HideSolutionNode = FALSE
	EndGlobalSection
	GlobalSection(ExtensibilityGlobals) = postSolution
		SolutionGuid = {D41DCB7E-5BDF-42D7-A541-2D047BDD13B8}
	EndGlobalSection
EndGlobal
