
Microsoft Visual Studio Solution File, Format Version 12.00
# Visual Studio Version 17
VisualStudioVersion = 17.9.34728.123
MinimumVisualStudioVersion = 10.0.40219.1
Project("{FAE04EC0-301F-11D3-BF4B-00C04F79EFBC}") = "TwentyOne", "TwentyOne.csproj", "{3E835934-FFA6-44A9-8E7C-C7A0D56C8400}"
EndProject
Project("{FAE04EC0-301F-11D3-BF4B-00C04F79EFBC}") = "Casino", "..\Casino\Casino.csproj", "{C05C6EED-E314-4D68-BCA7-FA8610D81E0F}"
EndProject
Global
	GlobalSection(SolutionConfigurationPlatforms) = preSolution
		Debug|Any CPU = Debug|Any CPU
		Release|Any CPU = Release|Any CPU
	EndGlobalSection
	GlobalSection(ProjectConfigurationPlatforms) = postSolution
		{3E835934-FFA6-44A9-8E7C-C7A0D56C8400}.Debug|Any CPU.ActiveCfg = Debug|Any CPU
		{3E835934-FFA6-44A9-8E7C-C7A0D56C8400}.Debug|Any CPU.Build.0 = Debug|Any CPU
		{3E835934-FFA6-44A9-8E7C-C7A0D56C8400}.Release|Any CPU.ActiveCfg = Release|Any CPU
		{3E835934-FFA6-44A9-8E7C-C7A0D56C8400}.Release|Any CPU.Build.0 = Release|Any CPU
		{C05C6EED-E314-4D68-BCA7-FA8610D81E0F}.Debug|Any CPU.ActiveCfg = Debug|Any CPU
		{C05C6EED-E314-4D68-BCA7-FA8610D81E0F}.Debug|Any CPU.Build.0 = Debug|Any CPU
		{C05C6EED-E314-4D68-BCA7-FA8610D81E0F}.Release|Any CPU.ActiveCfg = Release|Any CPU
		{C05C6EED-E314-4D68-BCA7-FA8610D81E0F}.Release|Any CPU.Build.0 = Release|Any CPU
	EndGlobalSection
	GlobalSection(SolutionProperties) = preSolution
		HideSolutionNode = FALSE
	EndGlobalSection
	GlobalSection(ExtensibilityGlobals) = postSolution
		SolutionGuid = {F656BB0D-1C7B-4553-AC92-CAE83F0D3C43}
	EndGlobalSection
EndGlobal
