
Microsoft Visual Studio Solution File, Format Version 12.00
# Visual Studio Version 16
VisualStudioVersion = 16.0.34601.136
MinimumVisualStudioVersion = 10.0.40219.1
Project("{FAE04EC0-301F-11D3-BF4B-00C04F79EFBC}") = "ConsoleAppArray", "ConsoleAppArray\ConsoleAppArray.csproj", "{14D77078-8256-49A4-BB5C-A08F6FA039F5}"
EndProject
Global
	GlobalSection(SolutionConfigurationPlatforms) = preSolution
		Debug|Any CPU = Debug|Any CPU
		Release|Any CPU = Release|Any CPU
	EndGlobalSection
	GlobalSection(ProjectConfigurationPlatforms) = postSolution
		{14D77078-8256-49A4-BB5C-A08F6FA039F5}.Debug|Any CPU.ActiveCfg = Debug|Any CPU
		{14D77078-8256-49A4-BB5C-A08F6FA039F5}.Debug|Any CPU.Build.0 = Debug|Any CPU
		{14D77078-8256-49A4-BB5C-A08F6FA039F5}.Release|Any CPU.ActiveCfg = Release|Any CPU
		{14D77078-8256-49A4-BB5C-A08F6FA039F5}.Release|Any CPU.Build.0 = Release|Any CPU
	EndGlobalSection
	GlobalSection(SolutionProperties) = preSolution
		HideSolutionNode = FALSE
	EndGlobalSection
	GlobalSection(ExtensibilityGlobals) = postSolution
		SolutionGuid = {6EE7A083-6753-448C-8A35-7B0530C1C076}
	EndGlobalSection
EndGlobal
