
Microsoft Visual Studio Solution File, Format Version 12.00
# Visual Studio Version 17
VisualStudioVersion = 17.11.35118.90
MinimumVisualStudioVersion = 10.0.40219.1
Project("{FAE04EC0-301F-11D3-BF4B-00C04F79EFBC}") = "TwOne", "TwOne.csproj", "{0A2D77C6-ADEC-473F-A48D-ADD4088C0547}"
EndProject
Project("{FAE04EC0-301F-11D3-BF4B-00C04F79EFBC}") = "Casino", "..\Casino\Casino.csproj", "{6B0ABF5D-042C-499A-808F-7BC97C7D0AB8}"
EndProject
Global
	GlobalSection(SolutionConfigurationPlatforms) = preSolution
		Debug|Any CPU = Debug|Any CPU
		Release|Any CPU = Release|Any CPU
	EndGlobalSection
	GlobalSection(ProjectConfigurationPlatforms) = postSolution
		{0A2D77C6-ADEC-473F-A48D-ADD4088C0547}.Debug|Any CPU.ActiveCfg = Debug|Any CPU
		{0A2D77C6-ADEC-473F-A48D-ADD4088C0547}.Debug|Any CPU.Build.0 = Debug|Any CPU
		{0A2D77C6-ADEC-473F-A48D-ADD4088C0547}.Release|Any CPU.ActiveCfg = Release|Any CPU
		{0A2D77C6-ADEC-473F-A48D-ADD4088C0547}.Release|Any CPU.Build.0 = Release|Any CPU
		{6B0ABF5D-042C-499A-808F-7BC97C7D0AB8}.Debug|Any CPU.ActiveCfg = Debug|Any CPU
		{6B0ABF5D-042C-499A-808F-7BC97C7D0AB8}.Debug|Any CPU.Build.0 = Debug|Any CPU
		{6B0ABF5D-042C-499A-808F-7BC97C7D0AB8}.Release|Any CPU.ActiveCfg = Release|Any CPU
		{6B0ABF5D-042C-499A-808F-7BC97C7D0AB8}.Release|Any CPU.Build.0 = Release|Any CPU
	EndGlobalSection
	GlobalSection(SolutionProperties) = preSolution
		HideSolutionNode = FALSE
	EndGlobalSection
	GlobalSection(ExtensibilityGlobals) = postSolution
		SolutionGuid = {6E0CC58D-2F4B-4351-9F7D-D6416E041AA2}
	EndGlobalSection
EndGlobal
