
Microsoft Visual Studio Solution File, Format Version 12.00
# Visual Studio Version 16
VisualStudioVersion = 16.0.34301.259
MinimumVisualStudioVersion = 10.0.40219.1
Project("{FAE04EC0-301F-11D3-BF4B-00C04F79EFBC}") = "Unit 4 Assignment", "Unit 4 Assignment\Unit 4 Assignment.csproj", "{88C9F570-77EF-4870-8273-9C859927F462}"
EndProject
Global
	GlobalSection(SolutionConfigurationPlatforms) = preSolution
		Debug|Any CPU = Debug|Any CPU
		Release|Any CPU = Release|Any CPU
	EndGlobalSection
	GlobalSection(ProjectConfigurationPlatforms) = postSolution
		{88C9F570-77EF-4870-8273-9C859927F462}.Debug|Any CPU.ActiveCfg = Debug|Any CPU
		{88C9F570-77EF-4870-8273-9C859927F462}.Debug|Any CPU.Build.0 = Debug|Any CPU
		{88C9F570-77EF-4870-8273-9C859927F462}.Release|Any CPU.ActiveCfg = Release|Any CPU
		{88C9F570-77EF-4870-8273-9C859927F462}.Release|Any CPU.Build.0 = Release|Any CPU
	EndGlobalSection
	GlobalSection(SolutionProperties) = preSolution
		HideSolutionNode = FALSE
	EndGlobalSection
	GlobalSection(ExtensibilityGlobals) = postSolution
		SolutionGuid = {E9173781-E81E-40D5-9F05-72C4D4C849A3}
	EndGlobalSection
EndGlobal
