
Microsoft Visual Studio Solution File, Format Version 12.00
# Visual Studio Version 17
VisualStudioVersion = 17.8.34330.188
MinimumVisualStudioVersion = 10.0.40219.1
Project("{FAE04EC0-301F-11D3-BF4B-00C04F79EFBC}") = "ConsoleApplicationAssignment", "ConsoleApplicationAssignment\ConsoleApplicationAssignment.csproj", "{AB7C9251-C5DB-4E58-BDE5-5D0BB9D93270}"
EndProject
Global
	GlobalSection(SolutionConfigurationPlatforms) = preSolution
		Debug|Any CPU = Debug|Any CPU
		Release|Any CPU = Release|Any CPU
	EndGlobalSection
	GlobalSection(ProjectConfigurationPlatforms) = postSolution
		{AB7C9251-C5DB-4E58-BDE5-5D0BB9D93270}.Debug|Any CPU.ActiveCfg = Debug|Any CPU
		{AB7C9251-C5DB-4E58-BDE5-5D0BB9D93270}.Debug|Any CPU.Build.0 = Debug|Any CPU
		{AB7C9251-C5DB-4E58-BDE5-5D0BB9D93270}.Release|Any CPU.ActiveCfg = Release|Any CPU
		{AB7C9251-C5DB-4E58-BDE5-5D0BB9D93270}.Release|Any CPU.Build.0 = Release|Any CPU
	EndGlobalSection
	GlobalSection(SolutionProperties) = preSolution
		HideSolutionNode = FALSE
	EndGlobalSection
	GlobalSection(ExtensibilityGlobals) = postSolution
		SolutionGuid = {AEC699EB-2500-4DDE-906F-D6D15B83B601}
	EndGlobalSection
EndGlobal
