
Microsoft Visual Studio Solution File, Format Version 12.00
# Visual Studio Version 17
VisualStudioVersion = 17.9.34902.65
MinimumVisualStudioVersion = 10.0.40219.1
Project("{FAE04EC0-301F-11D3-BF4B-00C04F79EFBC}") = "AbstractClassAssignment", "AbstractClassAssignment.csproj", "{421D1C00-58DE-4B51-A661-23DA3D4FD926}"
EndProject
Global
	GlobalSection(SolutionConfigurationPlatforms) = preSolution
		Debug|Any CPU = Debug|Any CPU
		Release|Any CPU = Release|Any CPU
	EndGlobalSection
	GlobalSection(ProjectConfigurationPlatforms) = postSolution
		{421D1C00-58DE-4B51-A661-23DA3D4FD926}.Debug|Any CPU.ActiveCfg = Debug|Any CPU
		{421D1C00-58DE-4B51-A661-23DA3D4FD926}.Debug|Any CPU.Build.0 = Debug|Any CPU
		{421D1C00-58DE-4B51-A661-23DA3D4FD926}.Release|Any CPU.ActiveCfg = Release|Any CPU
		{421D1C00-58DE-4B51-A661-23DA3D4FD926}.Release|Any CPU.Build.0 = Release|Any CPU
	EndGlobalSection
	GlobalSection(SolutionProperties) = preSolution
		HideSolutionNode = FALSE
	EndGlobalSection
	GlobalSection(ExtensibilityGlobals) = postSolution
		SolutionGuid = {60230AAD-BB3C-4E86-923C-B58FED066434}
	EndGlobalSection
EndGlobal
