
Microsoft Visual Studio Solution File, Format Version 12.00
# Visual Studio Version 17
VisualStudioVersion = 17.9.34902.65
MinimumVisualStudioVersion = 10.0.40219.1
Project("{FAE04EC0-301F-11D3-BF4B-00C04F79EFBC}") = "PolymorphismAssignment", "PolymorphismAssignment.csproj", "{632F5CC9-72F0-46D7-8D7A-E4AFFB89148C}"
EndProject
Global
	GlobalSection(SolutionConfigurationPlatforms) = preSolution
		Debug|Any CPU = Debug|Any CPU
		Release|Any CPU = Release|Any CPU
	EndGlobalSection
	GlobalSection(ProjectConfigurationPlatforms) = postSolution
		{632F5CC9-72F0-46D7-8D7A-E4AFFB89148C}.Debug|Any CPU.ActiveCfg = Debug|Any CPU
		{632F5CC9-72F0-46D7-8D7A-E4AFFB89148C}.Debug|Any CPU.Build.0 = Debug|Any CPU
		{632F5CC9-72F0-46D7-8D7A-E4AFFB89148C}.Release|Any CPU.ActiveCfg = Release|Any CPU
		{632F5CC9-72F0-46D7-8D7A-E4AFFB89148C}.Release|Any CPU.Build.0 = Release|Any CPU
	EndGlobalSection
	GlobalSection(SolutionProperties) = preSolution
		HideSolutionNode = FALSE
	EndGlobalSection
	GlobalSection(ExtensibilityGlobals) = postSolution
		SolutionGuid = {072FADA9-6859-4676-9BA1-14A43DBF3490}
	EndGlobalSection
EndGlobal
