
Microsoft Visual Studio Solution File, Format Version 12.00
# Visual Studio 15
VisualStudioVersion = 15.0.35116.124
MinimumVisualStudioVersion = 10.0.40219.1
Project("{FAE04EC0-301F-11D3-BF4B-00C04F79EFBC}") = "WebApplication1", "WebApplication1\WebApplication1.csproj", "{1060C687-99CA-4E19-AB12-ED1F6A9C15D2}"
EndProject
Global
	GlobalSection(SolutionConfigurationPlatforms) = preSolution
		Debug|Any CPU = Debug|Any CPU
		Release|Any CPU = Release|Any CPU
	EndGlobalSection
	GlobalSection(ProjectConfigurationPlatforms) = postSolution
		{1060C687-99CA-4E19-AB12-ED1F6A9C15D2}.Debug|Any CPU.ActiveCfg = Debug|Any CPU
		{1060C687-99CA-4E19-AB12-ED1F6A9C15D2}.Debug|Any CPU.Build.0 = Debug|Any CPU
		{1060C687-99CA-4E19-AB12-ED1F6A9C15D2}.Release|Any CPU.ActiveCfg = Release|Any CPU
		{1060C687-99CA-4E19-AB12-ED1F6A9C15D2}.Release|Any CPU.Build.0 = Release|Any CPU
	EndGlobalSection
	GlobalSection(SolutionProperties) = preSolution
		HideSolutionNode = FALSE
	EndGlobalSection
	GlobalSection(ExtensibilityGlobals) = postSolution
		SolutionGuid = {AC25DBC2-987D-41E0-84F6-0A56DF08D472}
	EndGlobalSection
EndGlobal
